{
  "name": "x-raw-tool",
  "version": "1.0.0",
  "lockfileVersion": 1,
  "requires": true,
  "dependencies": {
    "alanngai-node-helper": {
      "version": "1.0.0",
      "resolved": "https://registry.npmjs.org/alanngai-node-helper/-/alanngai-node-helper-1.0.0.tgz",
      "integrity": "sha512-Hz9pY3HCKg7yvhvxiM3Ff8Jt4myhzb6eH7h1r6OeNHRgYmy510eUUwkIbokSwYuqO0/eaOEnJq484GdwI1TYQw=="
    }
  }
}
